
Microsoft Visual Studio Solution File, Format Version 12.00
# Visual Studio Version 17
VisualStudioVersion = 17.8.34330.188
MinimumVisualStudioVersion = 10.0.40219.1
Project("{FAE04EC0-301F-11D3-BF4B-00C04F79EFBC}") = "sknativefunctions", "sknativefunctions\sknativefunctions.csproj", "{37AFA3F9-3039-436A-958C-3F9D5F063C0D}"
EndProject
Global
	GlobalSection(SolutionConfigurationPlatforms) = preSolution
		Debug|Any CPU = Debug|Any CPU
		Release|Any CPU = Release|Any CPU
	EndGlobalSection
	GlobalSection(ProjectConfigurationPlatforms) = postSolution
		{37AFA3F9-3039-436A-958C-3F9D5F063C0D}.Debug|Any CPU.ActiveCfg = Debug|Any CPU
		{37AFA3F9-3039-436A-958C-3F9D5F063C0D}.Debug|Any CPU.Build.0 = Debug|Any CPU
		{37AFA3F9-3039-436A-958C-3F9D5F063C0D}.Release|Any CPU.ActiveCfg = Release|Any CPU
		{37AFA3F9-3039-436A-958C-3F9D5F063C0D}.Release|Any CPU.Build.0 = Release|Any CPU
	EndGlobalSection
	GlobalSection(SolutionProperties) = preSolution
		HideSolutionNode = FALSE
	EndGlobalSection
	GlobalSection(ExtensibilityGlobals) = postSolution
		SolutionGuid = {2490EAD3-C414-4C79-AA07-104E60A746E3}
	EndGlobalSection
EndGlobal
